// !$*UTF8*$!
{
	archiveVersion = 1;
	classes = {
	};
	objectVersion = 50;
	objects = {

/* Begin PBXBuildFile section */
		CBAD25A8264AA8130016955D /* AppDelegate.swift in Sources */ = {isa = PBXBuildFile; fileRef = CBAD25A7264AA8130016955D /* AppDelegate.swift */; };
		CBAD25AA264AA8130016955D /* SceneDelegate.swift in Sources */ = {isa = PBXBuildFile; fileRef = CBAD25A9264AA8130016955D /* SceneDelegate.swift */; };
		CBAD25AF264AA8130016955D /* Main.storyboard in Resources */ = {isa = PBXBuildFile; fileRef = CBAD25AD264AA8130016955D /* Main.storyboard */; };
		CBAD25B2264AA8130016955D /* CinemaMVVM.xcdatamodeld in Sources */ = {isa = PBXBuildFile; fileRef = CBAD25B0264AA8130016955D /* CinemaMVVM.xcdatamodeld */; };
		CBAD25B4264AA8140016955D /* Assets.xcassets in Resources */ = {isa = PBXBuildFile; fileRef = CBAD25B3264AA8140016955D /* Assets.xcassets */; };
		CBAD25B7264AA8140016955D /* LaunchScreen.storyboard in Resources */ = {isa = PBXBuildFile; fileRef = CBAD25B5264AA8140016955D /* LaunchScreen.storyboard */; };
		CBAD25CD264AA8140016955D /* CinemaMVVMUITests.swift in Sources */ = {isa = PBXBuildFile; fileRef = CBAD25CC264AA8140016955D /* CinemaMVVMUITests.swift */; };
		CBAD25DB264AA89F0016955D /* CinemaListEntity.swift in Sources */ = {isa = PBXBuildFile; fileRef = CBAD25DA264AA89F0016955D /* CinemaListEntity.swift */; };
		CBAD25E7264AAA930016955D /* MainTableVC.swift in Sources */ = {isa = PBXBuildFile; fileRef = CBAD25E5264AAA930016955D /* MainTableVC.swift */; };
		CBAD25E8264AAA930016955D /* MainTableVC.xib in Resources */ = {isa = PBXBuildFile; fileRef = CBAD25E6264AAA930016955D /* MainTableVC.xib */; };
		CBAD25ED264AAAF80016955D /* MainTableCell.swift in Sources */ = {isa = PBXBuildFile; fileRef = CBAD25EB264AAAF80016955D /* MainTableCell.swift */; };
		CBAD25EE264AAAF80016955D /* MainTableCell.xib in Resources */ = {isa = PBXBuildFile; fileRef = CBAD25EC264AAAF80016955D /* MainTableCell.xib */; };
		CBAD25F4264AAB8E0016955D /* MainViewModel.swift in Sources */ = {isa = PBXBuildFile; fileRef = CBAD25F3264AAB8E0016955D /* MainViewModel.swift */; };
		CBAD25F7264AAC050016955D /* CinemaListImageEntity.swift in Sources */ = {isa = PBXBuildFile; fileRef = CBAD25F6264AAC050016955D /* CinemaListImageEntity.swift */; };
		CBAD25FE264AAC5E0016955D /* DetailViewController.swift in Sources */ = {isa = PBXBuildFile; fileRef = CBAD25FC264AAC5E0016955D /* DetailViewController.swift */; };
		CBAD2602264AAC8C0016955D /* DetailCollectionCell.swift in Sources */ = {isa = PBXBuildFile; fileRef = CBAD2600264AAC8C0016955D /* DetailCollectionCell.swift */; };
		CBAD2603264AAC8C0016955D /* DetailCollectionCell.xib in Resources */ = {isa = PBXBuildFile; fileRef = CBAD2601264AAC8C0016955D /* DetailCollectionCell.xib */; };
		CBAD2606264AACDF0016955D /* DetailViewModel.swift in Sources */ = {isa = PBXBuildFile; fileRef = CBAD2605264AACDF0016955D /* DetailViewModel.swift */; };
		CBAD260C264AAD440016955D /* PhotoService.swift in Sources */ = {isa = PBXBuildFile; fileRef = CBAD260B264AAD440016955D /* PhotoService.swift */; };
		CBAD260E264AAD5E0016955D /* DataReloadable.swift in Sources */ = {isa = PBXBuildFile; fileRef = CBAD260D264AAD5E0016955D /* DataReloadable.swift */; };
		CBAD2612264AAD960016955D /* ServiceData.swift in Sources */ = {isa = PBXBuildFile; fileRef = CBAD2611264AAD960016955D /* ServiceData.swift */; };
		CBAD2617264AAE4E0016955D /* NetworkService.swift in Sources */ = {isa = PBXBuildFile; fileRef = CBAD2616264AAE4E0016955D /* NetworkService.swift */; };
		CBAD2619264AAEB70016955D /* ErrorNetworkService.swift in Sources */ = {isa = PBXBuildFile; fileRef = CBAD2618264AAEB70016955D /* ErrorNetworkService.swift */; };
		CBAD261E264ABFCE0016955D /* Coordinator.swift in Sources */ = {isa = PBXBuildFile; fileRef = CBAD261D264ABFCE0016955D /* Coordinator.swift */; };
		CBAD2629264AD3F90016955D /* Builder.swift in Sources */ = {isa = PBXBuildFile; fileRef = CBAD2628264AD3F90016955D /* Builder.swift */; };
		CBCA835E264E7B7C006FAEA1 /* Extension + DetailVC.swift in Sources */ = {isa = PBXBuildFile; fileRef = CBCA835D264E7B7C006FAEA1 /* Extension + DetailVC.swift */; };
		CBCA8361264E7BE3006FAEA1 /* DetailCell + Extension.swift in Sources */ = {isa = PBXBuildFile; fileRef = CBCA8360264E7BE3006FAEA1 /* DetailCell + Extension.swift */; };
		CBCA8364264E7C91006FAEA1 /* MainCell + Extension.swift in Sources */ = {isa = PBXBuildFile; fileRef = CBCA8363264E7C91006FAEA1 /* MainCell + Extension.swift */; };
		CBCA8367264E7CED006FAEA1 /* MainTableVC + Extension.swift in Sources */ = {isa = PBXBuildFile; fileRef = CBCA8366264E7CED006FAEA1 /* MainTableVC + Extension.swift */; };
		CBD35888264C3E39007C9F96 /* DetailViewController.xib in Resources */ = {isa = PBXBuildFile; fileRef = CBD35887264C3E39007C9F96 /* DetailViewController.xib */; };
		CBD3588A264C57F2007C9F96 /* CoreDataService.swift in Sources */ = {isa = PBXBuildFile; fileRef = CBD35889264C57F2007C9F96 /* CoreDataService.swift */; };
		CBDF17B9264D8A6500E5786A /* CoordinatorTest.swift in Sources */ = {isa = PBXBuildFile; fileRef = CBDF17B8264D8A6500E5786A /* CoordinatorTest.swift */; };
		CBDF17BB264D8C9C00E5786A /* AssemblyBuilderTest.swift in Sources */ = {isa = PBXBuildFile; fileRef = CBDF17BA264D8C9C00E5786A /* AssemblyBuilderTest.swift */; };
		CBDF17BD264D8F5500E5786A /* CoreDataTest.swift in Sources */ = {isa = PBXBuildFile; fileRef = CBDF17BC264D8F5500E5786A /* CoreDataTest.swift */; };
		CBDF17CA264D962000E5786A /* NetworkServiceTest.swift in Sources */ = {isa = PBXBuildFile; fileRef = CBDF17C9264D961F00E5786A /* NetworkServiceTest.swift */; };
		CBDF17CC264D991900E5786A /* PhotoCacheTest.swift in Sources */ = {isa = PBXBuildFile; fileRef = CBDF17CB264D991900E5786A /* PhotoCacheTest.swift */; };
		CBDF17CE264D995B00E5786A /* ReloadableTest.swift in Sources */ = {isa = PBXBuildFile; fileRef = CBDF17CD264D995B00E5786A /* ReloadableTest.swift */; };
		CBDF17D2264D9E6A00E5786A /* MainModuleTest.swift in Sources */ = {isa = PBXBuildFile; fileRef = CBDF17D1264D9E6A00E5786A /* MainModuleTest.swift */; };
		CBDF17D4264D9E7600E5786A /* DetailModuleTest.swift in Sources */ = {isa = PBXBuildFile; fileRef = CBDF17D3264D9E7600E5786A /* DetailModuleTest.swift */; };
		CBDF17D7264DA09F00E5786A /* AppDelegateTest.swift in Sources */ = {isa = PBXBuildFile; fileRef = CBDF17D6264DA09F00E5786A /* AppDelegateTest.swift */; };
/* End PBXBuildFile section */

/* Begin PBXContainerItemProxy section */
		CBAD25BE264AA8140016955D /* PBXContainerItemProxy */ = {
			isa = PBXContainerItemProxy;
			containerPortal = CBAD259C264AA8130016955D /* Project object */;
			proxyType = 1;
			remoteGlobalIDString = CBAD25A3264AA8130016955D;
			remoteInfo = CinemaMVVM;
		};
		CBAD25C9264AA8140016955D /* PBXContainerItemProxy */ = {
			isa = PBXContainerItemProxy;
			containerPortal = CBAD259C264AA8130016955D /* Project object */;
			proxyType = 1;
			remoteGlobalIDString = CBAD25A3264AA8130016955D;
			remoteInfo = CinemaMVVM;
		};
/* End PBXContainerItemProxy section */

/* Begin PBXFileReference section */
		CBAD25A4264AA8130016955D /* CinemaMVVM.app */ = {isa = PBXFileReference; explicitFileType = wrapper.application; includeInIndex = 0; path = CinemaMVVM.app; sourceTree = BUILT_PRODUCTS_DIR; };
		CBAD25A7264AA8130016955D /* AppDelegate.swift */ = {isa = PBXFileReference; lastKnownFileType = sourcecode.swift; path = AppDelegate.swift; sourceTree = "<group>"; };
		CBAD25A9264AA8130016955D /* SceneDelegate.swift */ = {isa = PBXFileReference; lastKnownFileType = sourcecode.swift; path = SceneDelegate.swift; sourceTree = "<group>"; };
		CBAD25AE264AA8130016955D /* Base */ = {isa = PBXFileReference; lastKnownFileType = file.storyboard; name = Base; path = Base.lproj/Main.storyboard; sourceTree = "<group>"; };
		CBAD25B1264AA8130016955D /* CinemaMVVM.xcdatamodel */ = {isa = PBXFileReference; lastKnownFileType = wrapper.xcdatamodel; path = CinemaMVVM.xcdatamodel; sourceTree = "<group>"; };
		CBAD25B3264AA8140016955D /* Assets.xcassets */ = {isa = PBXFileReference; lastKnownFileType = folder.assetcatalog; path = Assets.xcassets; sourceTree = "<group>"; };
		CBAD25B6264AA8140016955D /* Base */ = {isa = PBXFileReference; lastKnownFileType = file.storyboard; name = Base; path = Base.lproj/LaunchScreen.storyboard; sourceTree = "<group>"; };
		CBAD25B8264AA8140016955D /* Info.plist */ = {isa = PBXFileReference; lastKnownFileType = text.plist.xml; path = Info.plist; sourceTree = "<group>"; };
		CBAD25BD264AA8140016955D /* CinemaMVVMTests.xctest */ = {isa = PBXFileReference; explicitFileType = wrapper.cfbundle; includeInIndex = 0; path = CinemaMVVMTests.xctest; sourceTree = BUILT_PRODUCTS_DIR; };
		CBAD25C3264AA8140016955D /* Info.plist */ = {isa = PBXFileReference; lastKnownFileType = text.plist.xml; path = Info.plist; sourceTree = "<group>"; };
		CBAD25C8264AA8140016955D /* CinemaMVVMUITests.xctest */ = {isa = PBXFileReference; explicitFileType = wrapper.cfbundle; includeInIndex = 0; path = CinemaMVVMUITests.xctest; sourceTree = BUILT_PRODUCTS_DIR; };
		CBAD25CC264AA8140016955D /* CinemaMVVMUITests.swift */ = {isa = PBXFileReference; lastKnownFileType = sourcecode.swift; path = CinemaMVVMUITests.swift; sourceTree = "<group>"; };
		CBAD25CE264AA8140016955D /* Info.plist */ = {isa = PBXFileReference; lastKnownFileType = text.plist.xml; path = Info.plist; sourceTree = "<group>"; };
		CBAD25DA264AA89F0016955D /* CinemaListEntity.swift */ = {isa = PBXFileReference; lastKnownFileType = sourcecode.swift; path = CinemaListEntity.swift; sourceTree = "<group>"; };
		CBAD25E5264AAA930016955D /* MainTableVC.swift */ = {isa = PBXFileReference; lastKnownFileType = sourcecode.swift; path = MainTableVC.swift; sourceTree = "<group>"; };
		CBAD25E6264AAA930016955D /* MainTableVC.xib */ = {isa = PBXFileReference; lastKnownFileType = file.xib; path = MainTableVC.xib; sourceTree = "<group>"; };
		CBAD25EB264AAAF80016955D /* MainTableCell.swift */ = {isa = PBXFileReference; lastKnownFileType = sourcecode.swift; path = MainTableCell.swift; sourceTree = "<group>"; };
		CBAD25EC264AAAF80016955D /* MainTableCell.xib */ = {isa = PBXFileReference; lastKnownFileType = file.xib; path = MainTableCell.xib; sourceTree = "<group>"; };
		CBAD25F3264AAB8E0016955D /* MainViewModel.swift */ = {isa = PBXFileReference; lastKnownFileType = sourcecode.swift; path = MainViewModel.swift; sourceTree = "<group>"; };
		CBAD25F6264AAC050016955D /* CinemaListImageEntity.swift */ = {isa = PBXFileReference; lastKnownFileType = sourcecode.swift; path = CinemaListImageEntity.swift; sourceTree = "<group>"; };
		CBAD25FC264AAC5E0016955D /* DetailViewController.swift */ = {isa = PBXFileReference; lastKnownFileType = sourcecode.swift; path = DetailViewController.swift; sourceTree = "<group>"; };
		CBAD2600264AAC8C0016955D /* DetailCollectionCell.swift */ = {isa = PBXFileReference; lastKnownFileType = sourcecode.swift; path = DetailCollectionCell.swift; sourceTree = "<group>"; };
		CBAD2601264AAC8C0016955D /* DetailCollectionCell.xib */ = {isa = PBXFileReference; lastKnownFileType = file.xib; path = DetailCollectionCell.xib; sourceTree = "<group>"; };
		CBAD2605264AACDF0016955D /* DetailViewModel.swift */ = {isa = PBXFileReference; lastKnownFileType = sourcecode.swift; path = DetailViewModel.swift; sourceTree = "<group>"; };
		CBAD260B264AAD440016955D /* PhotoService.swift */ = {isa = PBXFileReference; lastKnownFileType = sourcecode.swift; path = PhotoService.swift; sourceTree = "<group>"; };
		CBAD260D264AAD5E0016955D /* DataReloadable.swift */ = {isa = PBXFileReference; lastKnownFileType = sourcecode.swift; path = DataReloadable.swift; sourceTree = "<group>"; };
		CBAD2611264AAD960016955D /* ServiceData.swift */ = {isa = PBXFileReference; lastKnownFileType = sourcecode.swift; path = ServiceData.swift; sourceTree = "<group>"; };
		CBAD2616264AAE4E0016955D /* NetworkService.swift */ = {isa = PBXFileReference; lastKnownFileType = sourcecode.swift; path = NetworkService.swift; sourceTree = "<group>"; };
		CBAD2618264AAEB70016955D /* ErrorNetworkService.swift */ = {isa = PBXFileReference; lastKnownFileType = sourcecode.swift; path = ErrorNetworkService.swift; sourceTree = "<group>"; };
		CBAD261D264ABFCE0016955D /* Coordinator.swift */ = {isa = PBXFileReference; lastKnownFileType = sourcecode.swift; path = Coordinator.swift; sourceTree = "<group>"; };
		CBAD2628264AD3F90016955D /* Builder.swift */ = {isa = PBXFileReference; lastKnownFileType = sourcecode.swift; path = Builder.swift; sourceTree = "<group>"; };
		CBCA835D264E7B7C006FAEA1 /* Extension + DetailVC.swift */ = {isa = PBXFileReference; lastKnownFileType = sourcecode.swift; path = "Extension + DetailVC.swift"; sourceTree = "<group>"; };
		CBCA8360264E7BE3006FAEA1 /* DetailCell + Extension.swift */ = {isa = PBXFileReference; lastKnownFileType = sourcecode.swift; path = "DetailCell + Extension.swift"; sourceTree = "<group>"; };
		CBCA8363264E7C91006FAEA1 /* MainCell + Extension.swift */ = {isa = PBXFileReference; lastKnownFileType = sourcecode.swift; path = "MainCell + Extension.swift"; sourceTree = "<group>"; };
		CBCA8366264E7CED006FAEA1 /* MainTableVC + Extension.swift */ = {isa = PBXFileReference; lastKnownFileType = sourcecode.swift; path = "MainTableVC + Extension.swift"; sourceTree = "<group>"; };
		CBD35887264C3E39007C9F96 /* DetailViewController.xib */ = {isa = PBXFileReference; fileEncoding = 4; lastKnownFileType = file.xib; path = DetailViewController.xib; sourceTree = "<group>"; };
		CBD35889264C57F2007C9F96 /* CoreDataService.swift */ = {isa = PBXFileReference; lastKnownFileType = sourcecode.swift; path = CoreDataService.swift; sourceTree = "<group>"; };
		CBDF17B8264D8A6500E5786A /* CoordinatorTest.swift */ = {isa = PBXFileReference; lastKnownFileType = sourcecode.swift; path = CoordinatorTest.swift; sourceTree = "<group>"; };
		CBDF17BA264D8C9C00E5786A /* AssemblyBuilderTest.swift */ = {isa = PBXFileReference; lastKnownFileType = sourcecode.swift; path = AssemblyBuilderTest.swift; sourceTree = "<group>"; };
		CBDF17BC264D8F5500E5786A /* CoreDataTest.swift */ = {isa = PBXFileReference; lastKnownFileType = sourcecode.swift; path = CoreDataTest.swift; sourceTree = "<group>"; };
		CBDF17C9264D961F00E5786A /* NetworkServiceTest.swift */ = {isa = PBXFileReference; lastKnownFileType = sourcecode.swift; path = NetworkServiceTest.swift; sourceTree = "<group>"; };
		CBDF17CB264D991900E5786A /* PhotoCacheTest.swift */ = {isa = PBXFileReference; lastKnownFileType = sourcecode.swift; path = PhotoCacheTest.swift; sourceTree = "<group>"; };
		CBDF17CD264D995B00E5786A /* ReloadableTest.swift */ = {isa = PBXFileReference; lastKnownFileType = sourcecode.swift; path = ReloadableTest.swift; sourceTree = "<group>"; };
		CBDF17D1264D9E6A00E5786A /* MainModuleTest.swift */ = {isa = PBXFileReference; lastKnownFileType = sourcecode.swift; path = MainModuleTest.swift; sourceTree = "<group>"; };
		CBDF17D3264D9E7600E5786A /* DetailModuleTest.swift */ = {isa = PBXFileReference; lastKnownFileType = sourcecode.swift; path = DetailModuleTest.swift; sourceTree = "<group>"; };
		CBDF17D6264DA09F00E5786A /* AppDelegateTest.swift */ = {isa = PBXFileReference; lastKnownFileType = sourcecode.swift; path = AppDelegateTest.swift; sourceTree = "<group>"; };
/* End PBXFileReference section */

/* Begin PBXFrameworksBuildPhase section */
		CBAD25A1264AA8130016955D /* Frameworks */ = {
			isa = PBXFrameworksBuildPhase;
			buildActionMask = 2147483647;
			files = (
			);
			runOnlyForDeploymentPostprocessing = 0;
		};
		CBAD25BA264AA8140016955D /* Frameworks */ = {
			isa = PBXFrameworksBuildPhase;
			buildActionMask = 2147483647;
			files = (
			);
			runOnlyForDeploymentPostprocessing = 0;
		};
		CBAD25C5264AA8140016955D /* Frameworks */ = {
			isa = PBXFrameworksBuildPhase;
			buildActionMask = 2147483647;
			files = (
			);
			runOnlyForDeploymentPostprocessing = 0;
		};
/* End PBXFrameworksBuildPhase section */

/* Begin PBXGroup section */
		CB8109E0264EE9D800F95C64 /* CoreDaraService */ = {
			isa = PBXGroup;
			children = (
				CBD35889264C57F2007C9F96 /* CoreDataService.swift */,
			);
			path = CoreDaraService;
			sourceTree = "<group>";
		};
		CB8109E1264EE9E500F95C64 /* CoreDataEntity */ = {
			isa = PBXGroup;
			children = (
				CBAD25B0264AA8130016955D /* CinemaMVVM.xcdatamodeld */,
			);
			path = CoreDataEntity;
			sourceTree = "<group>";
		};
		CBAD259B264AA8130016955D = {
			isa = PBXGroup;
			children = (
				CBAD25A6264AA8130016955D /* CinemaMVVM */,
				CBAD25C0264AA8140016955D /* CinemaMVVMTests */,
				CBAD25CB264AA8140016955D /* CinemaMVVMUITests */,
				CBAD25A5264AA8130016955D /* Products */,
			);
			sourceTree = "<group>";
		};
		CBAD25A5264AA8130016955D /* Products */ = {
			isa = PBXGroup;
			children = (
				CBAD25A4264AA8130016955D /* CinemaMVVM.app */,
				CBAD25BD264AA8140016955D /* CinemaMVVMTests.xctest */,
				CBAD25C8264AA8140016955D /* CinemaMVVMUITests.xctest */,
			);
			name = Products;
			sourceTree = "<group>";
		};
		CBAD25A6264AA8130016955D /* CinemaMVVM */ = {
			isa = PBXGroup;
			children = (
				CBAD25B8264AA8140016955D /* Info.plist */,
				CBAD2608264AAD0B0016955D /* App */,
				CBAD2627264AD3E20016955D /* Builder */,
				CBAD261C264ABF670016955D /* Coordinator */,
				CBAD2607264AAD000016955D /* Presentation */,
				CBAD2609264AAD1C0016955D /* Service */,
			);
			path = CinemaMVVM;
			sourceTree = "<group>";
		};
		CBAD25C0264AA8140016955D /* CinemaMVVMTests */ = {
			isa = PBXGroup;
			children = (
				CBAD25C3264AA8140016955D /* Info.plist */,
				CBDF17D5264DA08E00E5786A /* AppDelegateTest */,
				CBDF17C8264D95DD00E5786A /* ServiceLayerTest */,
				CBDF17C5264D956000E5786A /* PresentationTest */,
				CBDF17C1264D948500E5786A /* AssemblyBuilderTest */,
				CBDF17C0264D947C00E5786A /* CoordinatorTest */,
			);
			path = CinemaMVVMTests;
			sourceTree = "<group>";
		};
		CBAD25CB264AA8140016955D /* CinemaMVVMUITests */ = {
			isa = PBXGroup;
			children = (
				CBAD25CE264AA8140016955D /* Info.plist */,
				CBDF17C3264D950000E5786A /* ViewTest */,
			);
			path = CinemaMVVMUITests;
			sourceTree = "<group>";
		};
		CBAD25E9264AAABB0016955D /* MainModule */ = {
			isa = PBXGroup;
			children = (
				CBAD25F1264AAB530016955D /* Model */,
				CBAD25F0264AAB430016955D /* View */,
				CBAD25F2264AAB730016955D /* ViewModel */,
			);
			path = MainModule;
			sourceTree = "<group>";
		};
		CBAD25EA264AAAD80016955D /* TableVC */ = {
			isa = PBXGroup;
			children = (
				CBAD25E5264AAA930016955D /* MainTableVC.swift */,
				CBAD25E6264AAA930016955D /* MainTableVC.xib */,
				CBCA8368264E7D3F006FAEA1 /* Extension + MainTableVC */,
			);
			path = TableVC;
			sourceTree = "<group>";
		};
		CBAD25EF264AAAFD0016955D /* CellVC */ = {
			isa = PBXGroup;
			children = (
				CBAD25EB264AAAF80016955D /* MainTableCell.swift */,
				CBAD25EC264AAAF80016955D /* MainTableCell.xib */,
				CBCA8365264E7C95006FAEA1 /* Extension + CellVC */,
			);
			path = CellVC;
			sourceTree = "<group>";
		};
		CBAD25F0264AAB430016955D /* View */ = {
			isa = PBXGroup;
			children = (
				CBAD25EA264AAAD80016955D /* TableVC */,
				CBAD25EF264AAAFD0016955D /* CellVC */,
			);
			path = View;
			sourceTree = "<group>";
		};
		CBAD25F1264AAB530016955D /* Model */ = {
			isa = PBXGroup;
			children = (
				CBAD25DA264AA89F0016955D /* CinemaListEntity.swift */,
			);
			path = Model;
			sourceTree = "<group>";
		};
		CBAD25F2264AAB730016955D /* ViewModel */ = {
			isa = PBXGroup;
			children = (
				CBAD25F3264AAB8E0016955D /* MainViewModel.swift */,
			);
			path = ViewModel;
			sourceTree = "<group>";
		};
		CBAD25F5264AABDC0016955D /* DetailModule */ = {
			isa = PBXGroup;
			children = (
				CBAD25F8264AAC0E0016955D /* Model */,
				CBAD25F9264AAC210016955D /* View */,
				CBAD2604264AACC40016955D /* ViewModel */,
			);
			path = DetailModule;
			sourceTree = "<group>";
		};
		CBAD25F8264AAC0E0016955D /* Model */ = {
			isa = PBXGroup;
			children = (
				CBAD25F6264AAC050016955D /* CinemaListImageEntity.swift */,
			);
			path = Model;
			sourceTree = "<group>";
		};
		CBAD25F9264AAC210016955D /* View */ = {
			isa = PBXGroup;
			children = (
				CBAD25FA264AAC2D0016955D /* DetailVC */,
				CBAD25FB264AAC3B0016955D /* DetailCollectionCell */,
			);
			path = View;
			sourceTree = "<group>";
		};
		CBAD25FA264AAC2D0016955D /* DetailVC */ = {
			isa = PBXGroup;
			children = (
				CBAD25FC264AAC5E0016955D /* DetailViewController.swift */,
				CBD35887264C3E39007C9F96 /* DetailViewController.xib */,
				CBCA835F264E7B9D006FAEA1 /* Extension + DetailVC */,
			);
			path = DetailVC;
			sourceTree = "<group>";
		};
		CBAD25FB264AAC3B0016955D /* DetailCollectionCell */ = {
			isa = PBXGroup;
			children = (
				CBAD2600264AAC8C0016955D /* DetailCollectionCell.swift */,
				CBAD2601264AAC8C0016955D /* DetailCollectionCell.xib */,
				CBCA8362264E7BE7006FAEA1 /* ExtensionCell */,
			);
			path = DetailCollectionCell;
			sourceTree = "<group>";
		};
		CBAD2604264AACC40016955D /* ViewModel */ = {
			isa = PBXGroup;
			children = (
				CBAD2605264AACDF0016955D /* DetailViewModel.swift */,
			);
			path = ViewModel;
			sourceTree = "<group>";
		};
		CBAD2607264AAD000016955D /* Presentation */ = {
			isa = PBXGroup;
			children = (
				CBAD25E9264AAABB0016955D /* MainModule */,
				CBAD25F5264AABDC0016955D /* DetailModule */,
			);
			path = Presentation;
			sourceTree = "<group>";
		};
		CBAD2608264AAD0B0016955D /* App */ = {
			isa = PBXGroup;
			children = (
				CBAD25A7264AA8130016955D /* AppDelegate.swift */,
				CBAD25A9264AA8130016955D /* SceneDelegate.swift */,
			);
			path = App;
			sourceTree = "<group>";
		};
		CBAD2609264AAD1C0016955D /* Service */ = {
			isa = PBXGroup;
			children = (
				CBAD2614264AADEB0016955D /* Network */,
				CBAD2615264AAE000016955D /* CoreData */,
				CBAD2613264AADBB0016955D /* ServiceView */,
			);
			path = Service;
			sourceTree = "<group>";
		};
		CBAD260A264AAD2C0016955D /* ServicePhoto */ = {
			isa = PBXGroup;
			children = (
				CBAD260B264AAD440016955D /* PhotoService.swift */,
				CBAD260D264AAD5E0016955D /* DataReloadable.swift */,
			);
			path = ServicePhoto;
			sourceTree = "<group>";
		};
		CBAD260F264AAD700016955D /* ServiceNetwork */ = {
			isa = PBXGroup;
			children = (
				CBAD2616264AAE4E0016955D /* NetworkService.swift */,
				CBAD2618264AAEB70016955D /* ErrorNetworkService.swift */,
			);
			path = ServiceNetwork;
			sourceTree = "<group>";
		};
		CBAD2610264AAD7F0016955D /* ServiceData */ = {
			isa = PBXGroup;
			children = (
				CBAD2611264AAD960016955D /* ServiceData.swift */,
			);
			path = ServiceData;
			sourceTree = "<group>";
		};
		CBAD2613264AADBB0016955D /* ServiceView */ = {
			isa = PBXGroup;
			children = (
				CBAD25B3264AA8140016955D /* Assets.xcassets */,
				CBAD25AD264AA8130016955D /* Main.storyboard */,
				CBAD25B5264AA8140016955D /* LaunchScreen.storyboard */,
			);
			path = ServiceView;
			sourceTree = "<group>";
		};
		CBAD2614264AADEB0016955D /* Network */ = {
			isa = PBXGroup;
			children = (
				CBAD260A264AAD2C0016955D /* ServicePhoto */,
				CBAD260F264AAD700016955D /* ServiceNetwork */,
				CBAD2610264AAD7F0016955D /* ServiceData */,
			);
			path = Network;
			sourceTree = "<group>";
		};
		CBAD2615264AAE000016955D /* CoreData */ = {
			isa = PBXGroup;
			children = (
				CB8109E0264EE9D800F95C64 /* CoreDaraService */,
				CB8109E1264EE9E500F95C64 /* CoreDataEntity */,
			);
			path = CoreData;
			sourceTree = "<group>";
		};
		CBAD261C264ABF670016955D /* Coordinator */ = {
			isa = PBXGroup;
			children = (
				CBAD261D264ABFCE0016955D /* Coordinator.swift */,
			);
			path = Coordinator;
			sourceTree = "<group>";
		};
		CBAD2627264AD3E20016955D /* Builder */ = {
			isa = PBXGroup;
			children = (
				CBAD2628264AD3F90016955D /* Builder.swift */,
			);
			path = Builder;
			sourceTree = "<group>";
		};
		CBCA835F264E7B9D006FAEA1 /* Extension + DetailVC */ = {
			isa = PBXGroup;
			children = (
				CBCA836C264E7DE6006FAEA1 /* Extension Delegate */,
			);
			path = "Extension + DetailVC";
			sourceTree = "<group>";
		};
		CBCA8362264E7BE7006FAEA1 /* ExtensionCell */ = {
			isa = PBXGroup;
			children = (
				CBCA8360264E7BE3006FAEA1 /* DetailCell + Extension.swift */,
			);
			path = ExtensionCell;
			sourceTree = "<group>";
		};
		CBCA8365264E7C95006FAEA1 /* Extension + CellVC */ = {
			isa = PBXGroup;
			children = (
				CBCA8363264E7C91006FAEA1 /* MainCell + Extension.swift */,
			);
			path = "Extension + CellVC";
			sourceTree = "<group>";
		};
		CBCA8368264E7D3F006FAEA1 /* Extension + MainTableVC */ = {
			isa = PBXGroup;
			children = (
				CBCA8366264E7CED006FAEA1 /* MainTableVC + Extension.swift */,
			);
			path = "Extension + MainTableVC";
			sourceTree = "<group>";
		};
		CBCA836C264E7DE6006FAEA1 /* Extension Delegate */ = {
			isa = PBXGroup;
			children = (
				CBCA835D264E7B7C006FAEA1 /* Extension + DetailVC.swift */,
			);
			path = "Extension Delegate";
			sourceTree = "<group>";
		};
		CBDF17BF264D946B00E5786A /* CoreDataTest */ = {
			isa = PBXGroup;
			children = (
				CBDF17BC264D8F5500E5786A /* CoreDataTest.swift */,
			);
			path = CoreDataTest;
			sourceTree = "<group>";
		};
		CBDF17C0264D947C00E5786A /* CoordinatorTest */ = {
			isa = PBXGroup;
			children = (
				CBDF17B8264D8A6500E5786A /* CoordinatorTest.swift */,
			);
			path = CoordinatorTest;
			sourceTree = "<group>";
		};
		CBDF17C1264D948500E5786A /* AssemblyBuilderTest */ = {
			isa = PBXGroup;
			children = (
				CBDF17BA264D8C9C00E5786A /* AssemblyBuilderTest.swift */,
			);
			path = AssemblyBuilderTest;
			sourceTree = "<group>";
		};
		CBDF17C2264D94E800E5786A /* NetworkServiceTest */ = {
			isa = PBXGroup;
			children = (
				CBDF17C9264D961F00E5786A /* NetworkServiceTest.swift */,
			);
			path = NetworkServiceTest;
			sourceTree = "<group>";
		};
		CBDF17C3264D950000E5786A /* ViewTest */ = {
			isa = PBXGroup;
			children = (
				CBAD25CC264AA8140016955D /* CinemaMVVMUITests.swift */,
			);
			path = ViewTest;
			sourceTree = "<group>";
		};
		CBDF17C4264D953400E5786A /* PhotoCacheTest */ = {
			isa = PBXGroup;
			children = (
				CBDF17CB264D991900E5786A /* PhotoCacheTest.swift */,
				CBDF17CD264D995B00E5786A /* ReloadableTest.swift */,
			);
			path = PhotoCacheTest;
			sourceTree = "<group>";
		};
		CBDF17C5264D956000E5786A /* PresentationTest */ = {
			isa = PBXGroup;
			children = (
				CBDF17C7264D957000E5786A /* MainModuleTest */,
				CBDF17C6264D956900E5786A /* DetailModuleTest */,
			);
			path = PresentationTest;
			sourceTree = "<group>";
		};
		CBDF17C6264D956900E5786A /* DetailModuleTest */ = {
			isa = PBXGroup;
			children = (
				CBDF17D3264D9E7600E5786A /* DetailModuleTest.swift */,
			);
			path = DetailModuleTest;
			sourceTree = "<group>";
		};
		CBDF17C7264D957000E5786A /* MainModuleTest */ = {
			isa = PBXGroup;
			children = (
				CBDF17D1264D9E6A00E5786A /* MainModuleTest.swift */,
			);
			path = MainModuleTest;
			sourceTree = "<group>";
		};
		CBDF17C8264D95DD00E5786A /* ServiceLayerTest */ = {
			isa = PBXGroup;
			children = (
				CBDF17C4264D953400E5786A /* PhotoCacheTest */,
				CBDF17C2264D94E800E5786A /* NetworkServiceTest */,
				CBDF17BF264D946B00E5786A /* CoreDataTest */,
			);
			path = ServiceLayerTest;
			sourceTree = "<group>";
		};
		CBDF17D5264DA08E00E5786A /* AppDelegateTest */ = {
			isa = PBXGroup;
			children = (
				CBDF17D6264DA09F00E5786A /* AppDelegateTest.swift */,
			);
			path = AppDelegateTest;
			sourceTree = "<group>";
		};
/* End PBXGroup section */

/* Begin PBXNativeTarget section */
		CBAD25A3264AA8130016955D /* CinemaMVVM */ = {
			isa = PBXNativeTarget;
			buildConfigurationList = CBAD25D1264AA8140016955D /* Build configuration list for PBXNativeTarget "CinemaMVVM" */;
			buildPhases = (
				CBAD25A0264AA8130016955D /* Sources */,
				CBAD25A1264AA8130016955D /* Frameworks */,
				CBAD25A2264AA8130016955D /* Resources */,
				CBDF17DA264DA3F900E5786A /* SwiftFormat */,
				CBDF17DB264DA40E00E5786A /* SwiftLint */,
			);
			buildRules = (
			);
			dependencies = (
			);
			name = CinemaMVVM;
			productName = CinemaMVVM;
			productReference = CBAD25A4264AA8130016955D /* CinemaMVVM.app */;
			productType = "com.apple.product-type.application";
		};
		CBAD25BC264AA8140016955D /* CinemaMVVMTests */ = {
			isa = PBXNativeTarget;
			buildConfigurationList = CBAD25D4264AA8140016955D /* Build configuration list for PBXNativeTarget "CinemaMVVMTests" */;
			buildPhases = (
				CBAD25B9264AA8140016955D /* Sources */,
				CBAD25BA264AA8140016955D /* Frameworks */,
				CBAD25BB264AA8140016955D /* Resources */,
			);
			buildRules = (
			);
			dependencies = (
				CBAD25BF264AA8140016955D /* PBXTargetDependency */,
			);
			name = CinemaMVVMTests;
			productName = CinemaMVVMTests;
			productReference = CBAD25BD264AA8140016955D /* CinemaMVVMTests.xctest */;
			productType = "com.apple.product-type.bundle.unit-test";
		};
		CBAD25C7264AA8140016955D /* CinemaMVVMUITests */ = {
			isa = PBXNativeTarget;
			buildConfigurationList = CBAD25D7264AA8140016955D /* Build configuration list for PBXNativeTarget "CinemaMVVMUITests" */;
			buildPhases = (
				CBAD25C4264AA8140016955D /* Sources */,
				CBAD25C5264AA8140016955D /* Frameworks */,
				CBAD25C6264AA8140016955D /* Resources */,
			);
			buildRules = (
			);
			dependencies = (
				CBAD25CA264AA8140016955D /* PBXTargetDependency */,
			);
			name = CinemaMVVMUITests;
			productName = CinemaMVVMUITests;
			productReference = CBAD25C8264AA8140016955D /* CinemaMVVMUITests.xctest */;
			productType = "com.apple.product-type.bundle.ui-testing";
		};
/* End PBXNativeTarget section */

/* Begin PBXProject section */
		CBAD259C264AA8130016955D /* Project object */ = {
			isa = PBXProject;
			attributes = {
				LastSwiftUpdateCheck = 1250;
				LastUpgradeCheck = 1250;
				TargetAttributes = {
					CBAD25A3264AA8130016955D = {
						CreatedOnToolsVersion = 12.5;
					};
					CBAD25BC264AA8140016955D = {
						CreatedOnToolsVersion = 12.5;
						TestTargetID = CBAD25A3264AA8130016955D;
					};
					CBAD25C7264AA8140016955D = {
						CreatedOnToolsVersion = 12.5;
						TestTargetID = CBAD25A3264AA8130016955D;
					};
				};
			};
			buildConfigurationList = CBAD259F264AA8130016955D /* Build configuration list for PBXProject "CinemaMVVM" */;
			compatibilityVersion = "Xcode 9.3";
			developmentRegion = en;
			hasScannedForEncodings = 0;
			knownRegions = (
				en,
				Base,
			);
			mainGroup = CBAD259B264AA8130016955D;
			productRefGroup = CBAD25A5264AA8130016955D /* Products */;
			projectDirPath = "";
			projectRoot = "";
			targets = (
				CBAD25A3264AA8130016955D /* CinemaMVVM */,
				CBAD25BC264AA8140016955D /* CinemaMVVMTests */,
				CBAD25C7264AA8140016955D /* CinemaMVVMUITests */,
			);
		};
/* End PBXProject section */

/* Begin PBXResourcesBuildPhase section */
		CBAD25A2264AA8130016955D /* Resources */ = {
			isa = PBXResourcesBuildPhase;
			buildActionMask = 2147483647;
			files = (
				CBAD25B7264AA8140016955D /* LaunchScreen.storyboard in Resources */,
				CBAD2603264AAC8C0016955D /* DetailCollectionCell.xib in Resources */,
				CBD35888264C3E39007C9F96 /* DetailViewController.xib in Resources */,
				CBAD25B4264AA8140016955D /* Assets.xcassets in Resources */,
				CBAD25E8264AAA930016955D /* MainTableVC.xib in Resources */,
				CBAD25AF264AA8130016955D /* Main.storyboard in Resources */,
				CBAD25EE264AAAF80016955D /* MainTableCell.xib in Resources */,
			);
			runOnlyForDeploymentPostprocessing = 0;
		};
		CBAD25BB264AA8140016955D /* Resources */ = {
			isa = PBXResourcesBuildPhase;
			buildActionMask = 2147483647;
			files = (
			);
			runOnlyForDeploymentPostprocessing = 0;
		};
		CBAD25C6264AA8140016955D /* Resources */ = {
			isa = PBXResourcesBuildPhase;
			buildActionMask = 2147483647;
			files = (
			);
			runOnlyForDeploymentPostprocessing = 0;
		};
/* End PBXResourcesBuildPhase section */

/* Begin PBXShellScriptBuildPhase section */
		CBDF17DA264DA3F900E5786A /* SwiftFormat */ = {
			isa = PBXShellScriptBuildPhase;
			buildActionMask = 2147483647;
			files = (
			);
			inputFileListPaths = (
			);
			inputPaths = (
			);
			name = SwiftFormat;
			outputFileListPaths = (
			);
			outputPaths = (
			);
			runOnlyForDeploymentPostprocessing = 0;
			shellPath = /bin/sh;
			shellScript = "if which swiftformat >/dev/null; then\nswiftformat .\nelse\necho \"error: SwiftFormat not installed, download from https://github.com/nicklockwood/SwiftFormat\"\nexit 1\nfi\n";
		};
		CBDF17DB264DA40E00E5786A /* SwiftLint */ = {
			isa = PBXShellScriptBuildPhase;
			buildActionMask = 2147483647;
			files = (
			);
			inputFileListPaths = (
			);
			inputPaths = (
			);
			name = SwiftLint;
			outputFileListPaths = (
			);
			outputPaths = (
			);
			runOnlyForDeploymentPostprocessing = 0;
			shellPath = /bin/sh;
			shellScript = "if which swiftlint >/dev/null; then\n  swiftlint\nelse\n  echo \"warning: SwiftLint not installed, download from https://github.com/realm/SwiftLint\"\nfi\n";
		};
/* End PBXShellScriptBuildPhase section */

/* Begin PBXSourcesBuildPhase section */
		CBAD25A0264AA8130016955D /* Sources */ = {
			isa = PBXSourcesBuildPhase;
			buildActionMask = 2147483647;
			files = (
				CBAD25FE264AAC5E0016955D /* DetailViewController.swift in Sources */,
				CBAD260E264AAD5E0016955D /* DataReloadable.swift in Sources */,
				CBAD25A8264AA8130016955D /* AppDelegate.swift in Sources */,
				CBD3588A264C57F2007C9F96 /* CoreDataService.swift in Sources */,
				CBAD2629264AD3F90016955D /* Builder.swift in Sources */,
				CBAD25B2264AA8130016955D /* CinemaMVVM.xcdatamodeld in Sources */,
				CBAD2602264AAC8C0016955D /* DetailCollectionCell.swift in Sources */,
				CBAD25F7264AAC050016955D /* CinemaListImageEntity.swift in Sources */,
				CBAD25ED264AAAF80016955D /* MainTableCell.swift in Sources */,
				CBCA835E264E7B7C006FAEA1 /* Extension + DetailVC.swift in Sources */,
				CBAD261E264ABFCE0016955D /* Coordinator.swift in Sources */,
				CBCA8361264E7BE3006FAEA1 /* DetailCell + Extension.swift in Sources */,
				CBCA8364264E7C91006FAEA1 /* MainCell + Extension.swift in Sources */,
				CBAD25AA264AA8130016955D /* SceneDelegate.swift in Sources */,
				CBAD25DB264AA89F0016955D /* CinemaListEntity.swift in Sources */,
				CBAD2619264AAEB70016955D /* ErrorNetworkService.swift in Sources */,
				CBCA8367264E7CED006FAEA1 /* MainTableVC + Extension.swift in Sources */,
				CBAD260C264AAD440016955D /* PhotoService.swift in Sources */,
				CBAD2617264AAE4E0016955D /* NetworkService.swift in Sources */,
				CBAD25E7264AAA930016955D /* MainTableVC.swift in Sources */,
				CBAD2606264AACDF0016955D /* DetailViewModel.swift in Sources */,
				CBAD2612264AAD960016955D /* ServiceData.swift in Sources */,
				CBAD25F4264AAB8E0016955D /* MainViewModel.swift in Sources */,
			);
			runOnlyForDeploymentPostprocessing = 0;
		};
		CBAD25B9264AA8140016955D /* Sources */ = {
			isa = PBXSourcesBuildPhase;
			buildActionMask = 2147483647;
			files = (
				CBDF17BD264D8F5500E5786A /* CoreDataTest.swift in Sources */,
				CBDF17CA264D962000E5786A /* NetworkServiceTest.swift in Sources */,
				CBDF17D2264D9E6A00E5786A /* MainModuleTest.swift in Sources */,
				CBDF17B9264D8A6500E5786A /* CoordinatorTest.swift in Sources */,
				CBDF17D4264D9E7600E5786A /* DetailModuleTest.swift in Sources */,
				CBDF17D7264DA09F00E5786A /* AppDelegateTest.swift in Sources */,
				CBDF17CE264D995B00E5786A /* ReloadableTest.swift in Sources */,
				CBDF17BB264D8C9C00E5786A /* AssemblyBuilderTest.swift in Sources */,
				CBDF17CC264D991900E5786A /* PhotoCacheTest.swift in Sources */,
			);
			runOnlyForDeploymentPostprocessing = 0;
		};
		CBAD25C4264AA8140016955D /* Sources */ = {
			isa = PBXSourcesBuildPhase;
			buildActionMask = 2147483647;
			files = (
				CBAD25CD264AA8140016955D /* CinemaMVVMUITests.swift in Sources */,
			);
			runOnlyForDeploymentPostprocessing = 0;
		};
/* End PBXSourcesBuildPhase section */

/* Begin PBXTargetDependency section */
		CBAD25BF264AA8140016955D /* PBXTargetDependency */ = {
			isa = PBXTargetDependency;
			target = CBAD25A3264AA8130016955D /* CinemaMVVM */;
			targetProxy = CBAD25BE264AA8140016955D /* PBXContainerItemProxy */;
		};
		CBAD25CA264AA8140016955D /* PBXTargetDependency */ = {
			isa = PBXTargetDependency;
			target = CBAD25A3264AA8130016955D /* CinemaMVVM */;
			targetProxy = CBAD25C9264AA8140016955D /* PBXContainerItemProxy */;
		};
/* End PBXTargetDependency section */

/* Begin PBXVariantGroup section */
		CBAD25AD264AA8130016955D /* Main.storyboard */ = {
			isa = PBXVariantGroup;
			children = (
				CBAD25AE264AA8130016955D /* Base */,
			);
			name = Main.storyboard;
			sourceTree = "<group>";
		};
		CBAD25B5264AA8140016955D /* LaunchScreen.storyboard */ = {
			isa = PBXVariantGroup;
			children = (
				CBAD25B6264AA8140016955D /* Base */,
			);
			name = LaunchScreen.storyboard;
			sourceTree = "<group>";
		};
/* End PBXVariantGroup section */

/* Begin XCBuildConfiguration section */
		CBAD25CF264AA8140016955D /* Debug */ = {
			isa = XCBuildConfiguration;
			buildSettings = {
				ALWAYS_SEARCH_USER_PATHS = NO;
				CLANG_ANALYZER_NONNULL = YES;
				CLANG_ANALYZER_NUMBER_OBJECT_CONVERSION = YES_AGGRESSIVE;
				CLANG_CXX_LANGUAGE_STANDARD = "gnu++14";
				CLANG_CXX_LIBRARY = "libc++";
				CLANG_ENABLE_MODULES = YES;
				CLANG_ENABLE_OBJC_ARC = YES;
				CLANG_ENABLE_OBJC_WEAK = YES;
				CLANG_WARN_BLOCK_CAPTURE_AUTORELEASING = YES;
				CLANG_WARN_BOOL_CONVERSION = YES;
				CLANG_WARN_COMMA = YES;
				CLANG_WARN_CONSTANT_CONVERSION = YES;
				CLANG_WARN_DEPRECATED_OBJC_IMPLEMENTATIONS = YES;
				CLANG_WARN_DIRECT_OBJC_ISA_USAGE = YES_ERROR;
				CLANG_WARN_DOCUMENTATION_COMMENTS = YES;
				CLANG_WARN_EMPTY_BODY = YES;
				CLANG_WARN_ENUM_CONVERSION = YES;
				CLANG_WARN_INFINITE_RECURSION = YES;
				CLANG_WARN_INT_CONVERSION = YES;
				CLANG_WARN_NON_LITERAL_NULL_CONVERSION = YES;
				CLANG_WARN_OBJC_IMPLICIT_RETAIN_SELF = YES;
				CLANG_WARN_OBJC_LITERAL_CONVERSION = YES;
				CLANG_WARN_OBJC_ROOT_CLASS = YES_ERROR;
				CLANG_WARN_QUOTED_INCLUDE_IN_FRAMEWORK_HEADER = YES;
				CLANG_WARN_RANGE_LOOP_ANALYSIS = YES;
				CLANG_WARN_STRICT_PROTOTYPES = YES;
				CLANG_WARN_SUSPICIOUS_MOVE = YES;
				CLANG_WARN_UNGUARDED_AVAILABILITY = YES_AGGRESSIVE;
				CLANG_WARN_UNREACHABLE_CODE = YES;
				CLANG_WARN__DUPLICATE_METHOD_MATCH = YES;
				COPY_PHASE_STRIP = NO;
				DEBUG_INFORMATION_FORMAT = dwarf;
				ENABLE_STRICT_OBJC_MSGSEND = YES;
				ENABLE_TESTABILITY = YES;
				GCC_C_LANGUAGE_STANDARD = gnu11;
				GCC_DYNAMIC_NO_PIC = NO;
				GCC_NO_COMMON_BLOCKS = YES;
				GCC_OPTIMIZATION_LEVEL = 0;
				GCC_PREPROCESSOR_DEFINITIONS = (
					"DEBUG=1",
					"$(inherited)",
				);
				GCC_WARN_64_TO_32_BIT_CONVERSION = YES;
				GCC_WARN_ABOUT_RETURN_TYPE = YES_ERROR;
				GCC_WARN_UNDECLARED_SELECTOR = YES;
				GCC_WARN_UNINITIALIZED_AUTOS = YES_AGGRESSIVE;
				GCC_WARN_UNUSED_FUNCTION = YES;
				GCC_WARN_UNUSED_VARIABLE = YES;
				IPHONEOS_DEPLOYMENT_TARGET = 14.5;
				MTL_ENABLE_DEBUG_INFO = INCLUDE_SOURCE;
				MTL_FAST_MATH = YES;
				ONLY_ACTIVE_ARCH = YES;
				SDKROOT = iphoneos;
				SWIFT_ACTIVE_COMPILATION_CONDITIONS = DEBUG;
				SWIFT_OPTIMIZATION_LEVEL = "-Onone";
			};
			name = Debug;
		};
		CBAD25D0264AA8140016955D /* Release */ = {
			isa = XCBuildConfiguration;
			buildSettings = {
				ALWAYS_SEARCH_USER_PATHS = NO;
				CLANG_ANALYZER_NONNULL = YES;
				CLANG_ANALYZER_NUMBER_OBJECT_CONVERSION = YES_AGGRESSIVE;
				CLANG_CXX_LANGUAGE_STANDARD = "gnu++14";
				CLANG_CXX_LIBRARY = "libc++";
				CLANG_ENABLE_MODULES = YES;
				CLANG_ENABLE_OBJC_ARC = YES;
				CLANG_ENABLE_OBJC_WEAK = YES;
				CLANG_WARN_BLOCK_CAPTURE_AUTORELEASING = YES;
				CLANG_WARN_BOOL_CONVERSION = YES;
				CLANG_WARN_COMMA = YES;
				CLANG_WARN_CONSTANT_CONVERSION = YES;
				CLANG_WARN_DEPRECATED_OBJC_IMPLEMENTATIONS = YES;
				CLANG_WARN_DIRECT_OBJC_ISA_USAGE = YES_ERROR;
				CLANG_WARN_DOCUMENTATION_COMMENTS = YES;
				CLANG_WARN_EMPTY_BODY = YES;
				CLANG_WARN_ENUM_CONVERSION = YES;
				CLANG_WARN_INFINITE_RECURSION = YES;
				CLANG_WARN_INT_CONVERSION = YES;
				CLANG_WARN_NON_LITERAL_NULL_CONVERSION = YES;
				CLANG_WARN_OBJC_IMPLICIT_RETAIN_SELF = YES;
				CLANG_WARN_OBJC_LITERAL_CONVERSION = YES;
				CLANG_WARN_OBJC_ROOT_CLASS = YES_ERROR;
				CLANG_WARN_QUOTED_INCLUDE_IN_FRAMEWORK_HEADER = YES;
				CLANG_WARN_RANGE_LOOP_ANALYSIS = YES;
				CLANG_WARN_STRICT_PROTOTYPES = YES;
				CLANG_WARN_SUSPICIOUS_MOVE = YES;
				CLANG_WARN_UNGUARDED_AVAILABILITY = YES_AGGRESSIVE;
				CLANG_WARN_UNREACHABLE_CODE = YES;
				CLANG_WARN__DUPLICATE_METHOD_MATCH = YES;
				COPY_PHASE_STRIP = NO;
				DEBUG_INFORMATION_FORMAT = "dwarf-with-dsym";
				ENABLE_NS_ASSERTIONS = NO;
				ENABLE_STRICT_OBJC_MSGSEND = YES;
				GCC_C_LANGUAGE_STANDARD = gnu11;
				GCC_NO_COMMON_BLOCKS = YES;
				GCC_WARN_64_TO_32_BIT_CONVERSION = YES;
				GCC_WARN_ABOUT_RETURN_TYPE = YES_ERROR;
				GCC_WARN_UNDECLARED_SELECTOR = YES;
				GCC_WARN_UNINITIALIZED_AUTOS = YES_AGGRESSIVE;
				GCC_WARN_UNUSED_FUNCTION = YES;
				GCC_WARN_UNUSED_VARIABLE = YES;
				IPHONEOS_DEPLOYMENT_TARGET = 14.5;
				MTL_ENABLE_DEBUG_INFO = NO;
				MTL_FAST_MATH = YES;
				SDKROOT = iphoneos;
				SWIFT_COMPILATION_MODE = wholemodule;
				SWIFT_OPTIMIZATION_LEVEL = "-O";
				VALIDATE_PRODUCT = YES;
			};
			name = Release;
		};
		CBAD25D2264AA8140016955D /* Debug */ = {
			isa = XCBuildConfiguration;
			buildSettings = {
				ASSETCATALOG_COMPILER_APPICON_NAME = AppIcon;
				ASSETCATALOG_COMPILER_GLOBAL_ACCENT_COLOR_NAME = AccentColor;
				CODE_SIGN_STYLE = Automatic;
				DEVELOPMENT_TEAM = Z8J5ZLD8A2;
				INFOPLIST_FILE = CinemaMVVM/Info.plist;
				LD_RUNPATH_SEARCH_PATHS = (
					"$(inherited)",
					"@executable_path/Frameworks",
				);
				PRODUCT_BUNDLE_IDENTIFIER = bne.CinemaMVVM;
				PRODUCT_NAME = "$(TARGET_NAME)";
				SWIFT_VERSION = 5.0;
				TARGETED_DEVICE_FAMILY = "1,2";
			};
			name = Debug;
		};
		CBAD25D3264AA8140016955D /* Release */ = {
			isa = XCBuildConfiguration;
			buildSettings = {
				ASSETCATALOG_COMPILER_APPICON_NAME = AppIcon;
				ASSETCATALOG_COMPILER_GLOBAL_ACCENT_COLOR_NAME = AccentColor;
				CODE_SIGN_STYLE = Automatic;
				DEVELOPMENT_TEAM = Z8J5ZLD8A2;
				INFOPLIST_FILE = CinemaMVVM/Info.plist;
				LD_RUNPATH_SEARCH_PATHS = (
					"$(inherited)",
					"@executable_path/Frameworks",
				);
				PRODUCT_BUNDLE_IDENTIFIER = bne.CinemaMVVM;
				PRODUCT_NAME = "$(TARGET_NAME)";
				SWIFT_VERSION = 5.0;
				TARGETED_DEVICE_FAMILY = "1,2";
			};
			name = Release;
		};
		CBAD25D5264AA8140016955D /* Debug */ = {
			isa = XCBuildConfiguration;
			buildSettings = {
				ALWAYS_EMBED_SWIFT_STANDARD_LIBRARIES = YES;
				BUNDLE_LOADER = "$(TEST_HOST)";
				CODE_SIGN_STYLE = Automatic;
				DEVELOPMENT_TEAM = Z8J5ZLD8A2;
				INFOPLIST_FILE = CinemaMVVMTests/Info.plist;
				IPHONEOS_DEPLOYMENT_TARGET = 14.5;
				LD_RUNPATH_SEARCH_PATHS = (
					"$(inherited)",
					"@executable_path/Frameworks",
					"@loader_path/Frameworks",
				);
				PRODUCT_BUNDLE_IDENTIFIER = bne.CinemaMVVMTests;
				PRODUCT_NAME = "$(TARGET_NAME)";
				SWIFT_VERSION = 5.0;
				TARGETED_DEVICE_FAMILY = "1,2";
				TEST_HOST = "$(BUILT_PRODUCTS_DIR)/CinemaMVVM.app/CinemaMVVM";
			};
			name = Debug;
		};
		CBAD25D6264AA8140016955D /* Release */ = {
			isa = XCBuildConfiguration;
			buildSettings = {
				ALWAYS_EMBED_SWIFT_STANDARD_LIBRARIES = YES;
				BUNDLE_LOADER = "$(TEST_HOST)";
				CODE_SIGN_STYLE = Automatic;
				DEVELOPMENT_TEAM = Z8J5ZLD8A2;
				INFOPLIST_FILE = CinemaMVVMTests/Info.plist;
				IPHONEOS_DEPLOYMENT_TARGET = 14.5;
				LD_RUNPATH_SEARCH_PATHS = (
					"$(inherited)",
					"@executable_path/Frameworks",
					"@loader_path/Frameworks",
				);
				PRODUCT_BUNDLE_IDENTIFIER = bne.CinemaMVVMTests;
				PRODUCT_NAME = "$(TARGET_NAME)";
				SWIFT_VERSION = 5.0;
				TARGETED_DEVICE_FAMILY = "1,2";
				TEST_HOST = "$(BUILT_PRODUCTS_DIR)/CinemaMVVM.app/CinemaMVVM";
			};
			name = Release;
		};
		CBAD25D8264AA8140016955D /* Debug */ = {
			isa = XCBuildConfiguration;
			buildSettings = {
				ALWAYS_EMBED_SWIFT_STANDARD_LIBRARIES = YES;
				CODE_SIGN_STYLE = Automatic;
				DEVELOPMENT_TEAM = Z8J5ZLD8A2;
				INFOPLIST_FILE = CinemaMVVMUITests/Info.plist;
				LD_RUNPATH_SEARCH_PATHS = (
					"$(inherited)",
					"@executable_path/Frameworks",
					"@loader_path/Frameworks",
				);
				PRODUCT_BUNDLE_IDENTIFIER = bne.CinemaMVVMUITests;
				PRODUCT_NAME = "$(TARGET_NAME)";
				SWIFT_VERSION = 5.0;
				TARGETED_DEVICE_FAMILY = "1,2";
				TEST_TARGET_NAME = CinemaMVVM;
			};
			name = Debug;
		};
		CBAD25D9264AA8140016955D /* Release */ = {
			isa = XCBuildConfiguration;
			buildSettings = {
				ALWAYS_EMBED_SWIFT_STANDARD_LIBRARIES = YES;
				CODE_SIGN_STYLE = Automatic;
				DEVELOPMENT_TEAM = Z8J5ZLD8A2;
				INFOPLIST_FILE = CinemaMVVMUITests/Info.plist;
				LD_RUNPATH_SEARCH_PATHS = (
					"$(inherited)",
					"@executable_path/Frameworks",
					"@loader_path/Frameworks",
				);
				PRODUCT_BUNDLE_IDENTIFIER = bne.CinemaMVVMUITests;
				PRODUCT_NAME = "$(TARGET_NAME)";
				SWIFT_VERSION = 5.0;
				TARGETED_DEVICE_FAMILY = "1,2";
				TEST_TARGET_NAME = CinemaMVVM;
			};
			name = Release;
		};
/* End XCBuildConfiguration section */

/* Begin XCConfigurationList section */
		CBAD259F264AA8130016955D /* Build configuration list for PBXProject "CinemaMVVM" */ = {
			isa = XCConfigurationList;
			buildConfigurations = (
				CBAD25CF264AA8140016955D /* Debug */,
				CBAD25D0264AA8140016955D /* Release */,
			);
			defaultConfigurationIsVisible = 0;
			defaultConfigurationName = Release;
		};
		CBAD25D1264AA8140016955D /* Build configuration list for PBXNativeTarget "CinemaMVVM" */ = {
			isa = XCConfigurationList;
			buildConfigurations = (
				CBAD25D2264AA8140016955D /* Debug */,
				CBAD25D3264AA8140016955D /* Release */,
			);
			defaultConfigurationIsVisible = 0;
			defaultConfigurationName = Release;
		};
		CBAD25D4264AA8140016955D /* Build configuration list for PBXNativeTarget "CinemaMVVMTests" */ = {
			isa = XCConfigurationList;
			buildConfigurations = (
				CBAD25D5264AA8140016955D /* Debug */,
				CBAD25D6264AA8140016955D /* Release */,
			);
			defaultConfigurationIsVisible = 0;
			defaultConfigurationName = Release;
		};
		CBAD25D7264AA8140016955D /* Build configuration list for PBXNativeTarget "CinemaMVVMUITests" */ = {
			isa = XCConfigurationList;
			buildConfigurations = (
				CBAD25D8264AA8140016955D /* Debug */,
				CBAD25D9264AA8140016955D /* Release */,
			);
			defaultConfigurationIsVisible = 0;
			defaultConfigurationName = Release;
		};
/* End XCConfigurationList section */

/* Begin XCVersionGroup section */
		CBAD25B0264AA8130016955D /* CinemaMVVM.xcdatamodeld */ = {
			isa = XCVersionGroup;
			children = (
				CBAD25B1264AA8130016955D /* CinemaMVVM.xcdatamodel */,
			);
			currentVersion = CBAD25B1264AA8130016955D /* CinemaMVVM.xcdatamodel */;
			path = CinemaMVVM.xcdatamodeld;
			sourceTree = "<group>";
			versionGroupType = wrapper.xcdatamodel;
		};
/* End XCVersionGroup section */
	};
	rootObject = CBAD259C264AA8130016955D /* Project object */;
}
